// !$*UTF8*$!
{
	archiveVersion = 1;
	classes = {
	};
	objectVersion = 56;
	objects = {

/* Begin PBXBuildFile section */
		77509FDC2F51F66800E4C7AF /* AppIcon.icon in Resources */ = {isa = PBXBuildFile; fileRef = 77509FDB2F51F66800E4C7AF /* AppIcon.icon */; };
		77B29A542F42E52E00B18CFB /* ViewModifiers.swift in Sources */ = {isa = PBXBuildFile; fileRef = 77B29A532F42E52E00B18CFB /* ViewModifiers.swift */; };
		77B29A592F42FBA700B18CFB /* FirebaseFirestore in Frameworks */ = {isa = PBXBuildFile; productRef = 77B29A582F42FBA700B18CFB /* FirebaseFirestore */; };
		B0010001 /* HeyHoApp.swift in Sources */ = {isa = PBXBuildFile; fileRef = F0010001 /* HeyHoApp.swift */; };
		B0010002 /* RootView.swift in Sources */ = {isa = PBXBuildFile; fileRef = F0010002 /* RootView.swift */; };
		B0010003 /* SignInView.swift in Sources */ = {isa = PBXBuildFile; fileRef = F0010003 /* SignInView.swift */; };
		B0010004 /* AuthState.swift in Sources */ = {isa = PBXBuildFile; fileRef = F0010004 /* AuthState.swift */; };
		B0010005 /* AppleSignInHelper.swift in Sources */ = {isa = PBXBuildFile; fileRef = F0010005 /* AppleSignInHelper.swift */; };
		B0010006 /* SignInWithAppleButton.swift in Sources */ = {isa = PBXBuildFile; fileRef = F0010006 /* SignInWithAppleButton.swift */; };
		B0010007 /* User.swift in Sources */ = {isa = PBXBuildFile; fileRef = F0010007 /* User.swift */; };
		B0010008 /* HeyHo.swift in Sources */ = {isa = PBXBuildFile; fileRef = F0010008 /* HeyHo.swift */; };
		B0010009 /* FirestoreService.swift in Sources */ = {isa = PBXBuildFile; fileRef = F0010009 /* FirestoreService.swift */; };
		B0010010 /* MainTabView.swift in Sources */ = {isa = PBXBuildFile; fileRef = F0010010 /* MainTabView.swift */; };
		B0010011 /* FriendsView.swift in Sources */ = {isa = PBXBuildFile; fileRef = F0010011 /* FriendsView.swift */; };
		B0010012 /* InboxView.swift in Sources */ = {isa = PBXBuildFile; fileRef = F0010012 /* InboxView.swift */; };
		B0010013 /* ProfileView.swift in Sources */ = {isa = PBXBuildFile; fileRef = F0010013 /* ProfileView.swift */; };
		B0010014 /* AddFriendView.swift in Sources */ = {isa = PBXBuildFile; fileRef = F0010014 /* AddFriendView.swift */; };
		B0010015 /* GoogleService-Info.plist in Resources */ = {isa = PBXBuildFile; fileRef = F0010015 /* GoogleService-Info.plist */; };
		B0010016 /* FirebaseAuth in Frameworks */ = {isa = PBXBuildFile; productRef = P0010001 /* FirebaseAuth */; };
		B0010018 /* FirebaseMessaging in Frameworks */ = {isa = PBXBuildFile; productRef = P0010003 /* FirebaseMessaging */; };
		B001001A /* PushService.swift in Sources */ = {isa = PBXBuildFile; fileRef = F0010018 /* PushService.swift */; };
		B0010020 /* Assets.xcassets in Resources */ = {isa = PBXBuildFile; fileRef = F0010020 /* Assets.xcassets */; };
/* End PBXBuildFile section */

/* Begin PBXFileReference section */
		77509FDB2F51F66800E4C7AF /* AppIcon.icon */ = {isa = PBXFileReference; lastKnownFileType = folder.iconcomposer.icon; path = AppIcon.icon; sourceTree = "<group>"; };
		77B29A532F42E52E00B18CFB /* ViewModifiers.swift */ = {isa = PBXFileReference; lastKnownFileType = sourcecode.swift; path = ViewModifiers.swift; sourceTree = "<group>"; };
		F0010001 /* HeyHoApp.swift */ = {isa = PBXFileReference; lastKnownFileType = sourcecode.swift; path = HeyHoApp.swift; sourceTree = "<group>"; };
		F0010002 /* RootView.swift */ = {isa = PBXFileReference; lastKnownFileType = sourcecode.swift; path = RootView.swift; sourceTree = "<group>"; };
		F0010003 /* SignInView.swift */ = {isa = PBXFileReference; lastKnownFileType = sourcecode.swift; path = SignInView.swift; sourceTree = "<group>"; };
		F0010004 /* AuthState.swift */ = {isa = PBXFileReference; lastKnownFileType = sourcecode.swift; path = AuthState.swift; sourceTree = "<group>"; };
		F0010005 /* AppleSignInHelper.swift */ = {isa = PBXFileReference; lastKnownFileType = sourcecode.swift; path = AppleSignInHelper.swift; sourceTree = "<group>"; };
		F0010006 /* SignInWithAppleButton.swift */ = {isa = PBXFileReference; lastKnownFileType = sourcecode.swift; path = SignInWithAppleButton.swift; sourceTree = "<group>"; };
		F0010007 /* User.swift */ = {isa = PBXFileReference; lastKnownFileType = sourcecode.swift; path = User.swift; sourceTree = "<group>"; };
		F0010008 /* HeyHo.swift */ = {isa = PBXFileReference; lastKnownFileType = sourcecode.swift; path = HeyHo.swift; sourceTree = "<group>"; };
		F0010009 /* FirestoreService.swift */ = {isa = PBXFileReference; lastKnownFileType = sourcecode.swift; path = FirestoreService.swift; sourceTree = "<group>"; };
		F0010010 /* MainTabView.swift */ = {isa = PBXFileReference; lastKnownFileType = sourcecode.swift; path = MainTabView.swift; sourceTree = "<group>"; };
		F0010011 /* FriendsView.swift */ = {isa = PBXFileReference; lastKnownFileType = sourcecode.swift; path = FriendsView.swift; sourceTree = "<group>"; };
		F0010012 /* InboxView.swift */ = {isa = PBXFileReference; lastKnownFileType = sourcecode.swift; path = InboxView.swift; sourceTree = "<group>"; };
		F0010013 /* ProfileView.swift */ = {isa = PBXFileReference; lastKnownFileType = sourcecode.swift; path = ProfileView.swift; sourceTree = "<group>"; };
		F0010014 /* AddFriendView.swift */ = {isa = PBXFileReference; lastKnownFileType = sourcecode.swift; path = AddFriendView.swift; sourceTree = "<group>"; };
		F0010015 /* GoogleService-Info.plist */ = {isa = PBXFileReference; lastKnownFileType = text.plist.xml; path = "GoogleService-Info.plist"; sourceTree = "<group>"; };
		F0010016 /* Info.plist */ = {isa = PBXFileReference; lastKnownFileType = text.plist.xml; path = Info.plist; sourceTree = "<group>"; };
		F0010017 /* heyho_ios.entitlements */ = {isa = PBXFileReference; lastKnownFileType = text.plist.entitlements; path = heyho_ios.entitlements; sourceTree = "<group>"; };
		F0010018 /* PushService.swift */ = {isa = PBXFileReference; lastKnownFileType = sourcecode.swift; path = PushService.swift; sourceTree = "<group>"; };
		F0010020 /* Assets.xcassets */ = {isa = PBXFileReference; lastKnownFileType = folder.assetcatalog; path = Assets.xcassets; sourceTree = "<group>"; };
		T0010001 /* HeyHo.app */ = {isa = PBXFileReference; explicitFileType = wrapper.application; includeInIndex = 0; path = HeyHo.app; sourceTree = BUILT_PRODUCTS_DIR; };
/* End PBXFileReference section */

/* Begin PBXFrameworksBuildPhase section */
		E0010001 /* Frameworks */ = {
			isa = PBXFrameworksBuildPhase;
			buildActionMask = 2147483647;
			files = (
				B0010016 /* FirebaseAuth in Frameworks */,
				B0010018 /* FirebaseMessaging in Frameworks */,
				77B29A592F42FBA700B18CFB /* FirebaseFirestore in Frameworks */,
			);
			runOnlyForDeploymentPostprocessing = 0;
		};
/* End PBXFrameworksBuildPhase section */

/* Begin PBXGroup section */
		77B29A572F42F4C700B18CFB /* Frameworks */ = {
			isa = PBXGroup;
			children = (
			);
			name = Frameworks;
			sourceTree = "<group>";
		};
		G0010001 = {
			isa = PBXGroup;
			children = (
				77B29A532F42E52E00B18CFB /* ViewModifiers.swift */,
				G0010002 /* heyho_ios */,
				G0010003 /* Products */,
				F0010015 /* GoogleService-Info.plist */,
				77B29A572F42F4C700B18CFB /* Frameworks */,
			);
			sourceTree = "<group>";
		};
		G0010002 /* heyho_ios */ = {
			isa = PBXGroup;
			children = (
				G0010004 /* App */,
				G0010005 /* Auth */,
				G0010006 /* Models */,
				G0010007 /* Services */,
				G0010008 /* Features */,
				F0010020 /* Assets.xcassets */,
				77509FDB2F51F66800E4C7AF /* AppIcon.icon */,
				F0010016 /* Info.plist */,
				F0010017 /* heyho_ios.entitlements */,
			);
			path = heyho_ios;
			sourceTree = "<group>";
		};
		G0010003 /* Products */ = {
			isa = PBXGroup;
			children = (
				T0010001 /* HeyHo.app */,
			);
			name = Products;
			sourceTree = "<group>";
		};
		G0010004 /* App */ = {
			isa = PBXGroup;
			children = (
				F0010001 /* HeyHoApp.swift */,
				F0010002 /* RootView.swift */,
			);
			path = App;
			sourceTree = "<group>";
		};
		G0010005 /* Auth */ = {
			isa = PBXGroup;
			children = (
				F0010003 /* SignInView.swift */,
				F0010004 /* AuthState.swift */,
				F0010005 /* AppleSignInHelper.swift */,
				F0010006 /* SignInWithAppleButton.swift */,
			);
			path = Auth;
			sourceTree = "<group>";
		};
		G0010006 /* Models */ = {
			isa = PBXGroup;
			children = (
				F0010007 /* User.swift */,
				F0010008 /* HeyHo.swift */,
			);
			path = Models;
			sourceTree = "<group>";
		};
		G0010007 /* Services */ = {
			isa = PBXGroup;
			children = (
				F0010009 /* FirestoreService.swift */,
				F0010018 /* PushService.swift */,
			);
			path = Services;
			sourceTree = "<group>";
		};
		G0010008 /* Features */ = {
			isa = PBXGroup;
			children = (
				F0010010 /* MainTabView.swift */,
				G0010009 /* Friends */,
				G0010010 /* Inbox */,
				G0010011 /* Profile */,
			);
			path = Features;
			sourceTree = "<group>";
		};
		G0010009 /* Friends */ = {
			isa = PBXGroup;
			children = (
				F0010011 /* FriendsView.swift */,
			);
			path = Friends;
			sourceTree = "<group>";
		};
		G0010010 /* Inbox */ = {
			isa = PBXGroup;
			children = (
				F0010012 /* InboxView.swift */,
			);
			path = Inbox;
			sourceTree = "<group>";
		};
		G0010011 /* Profile */ = {
			isa = PBXGroup;
			children = (
				F0010013 /* ProfileView.swift */,
				F0010014 /* AddFriendView.swift */,
			);
			path = Profile;
			sourceTree = "<group>";
		};
/* End PBXGroup section */

/* Begin PBXNativeTarget section */
		N0010001 /* HeyHo */ = {
			isa = PBXNativeTarget;
			buildConfigurationList = C0010002 /* Build configuration list for PBXNativeTarget "HeyHo" */;
			buildPhases = (
				E0010002 /* Sources */,
				E0010001 /* Frameworks */,
				E0010003 /* Resources */,
			);
			buildRules = (
			);
			dependencies = (
			);
			name = HeyHo;
			packageProductDependencies = (
				P0010001 /* FirebaseAuth */,
				P0010003 /* FirebaseMessaging */,
				77B29A582F42FBA700B18CFB /* FirebaseFirestore */,
			);
			productName = yo2_ios;
			productReference = T0010001 /* HeyHo.app */;
			productType = "com.apple.product-type.application";
		};
/* End PBXNativeTarget section */

/* Begin PBXProject section */
		R0010001 /* Project object */ = {
			isa = PBXProject;
			attributes = {
				BuildIndependentTargetsInParallel = 1;
				LastSwiftUpdateCheck = 1500;
				LastUpgradeCheck = 2620;
			};
			buildConfigurationList = C0010001 /* Build configuration list for PBXProject "heyho_ios" */;
			compatibilityVersion = "Xcode 14.0";
			developmentRegion = ja;
			hasScannedForEncodings = 0;
			knownRegions = (
				en,
				Base,
				ja,
			);
			mainGroup = G0010001;
			packageReferences = (
				R0010002 /* XCRemoteSwiftPackageReference "firebase-ios-sdk" */,
			);
			productRefGroup = G0010003 /* Products */;
			projectDirPath = "";
			projectRoot = "";
			targets = (
				N0010001 /* HeyHo */,
			);
		};
/* End PBXProject section */

/* Begin PBXResourcesBuildPhase section */
		E0010003 /* Resources */ = {
			isa = PBXResourcesBuildPhase;
			buildActionMask = 2147483647;
			files = (
				77509FDC2F51F66800E4C7AF /* AppIcon.icon in Resources */,
				B0010015 /* GoogleService-Info.plist in Resources */,
				B0010020 /* Assets.xcassets in Resources */,
			);
			runOnlyForDeploymentPostprocessing = 0;
		};
/* End PBXResourcesBuildPhase section */

/* Begin PBXSourcesBuildPhase section */
		E0010002 /* Sources */ = {
			isa = PBXSourcesBuildPhase;
			buildActionMask = 2147483647;
			files = (
				B0010001 /* HeyHoApp.swift in Sources */,
				B0010002 /* RootView.swift in Sources */,
				B0010003 /* SignInView.swift in Sources */,
				B0010004 /* AuthState.swift in Sources */,
				B0010005 /* AppleSignInHelper.swift in Sources */,
				B0010006 /* SignInWithAppleButton.swift in Sources */,
				B0010007 /* User.swift in Sources */,
				B0010008 /* HeyHo.swift in Sources */,
				B0010009 /* FirestoreService.swift in Sources */,
				B0010010 /* MainTabView.swift in Sources */,
				B0010011 /* FriendsView.swift in Sources */,
				77B29A542F42E52E00B18CFB /* ViewModifiers.swift in Sources */,
				B0010012 /* InboxView.swift in Sources */,
				B0010013 /* ProfileView.swift in Sources */,
				B0010014 /* AddFriendView.swift in Sources */,
				B001001A /* PushService.swift in Sources */,
			);
			runOnlyForDeploymentPostprocessing = 0;
		};
/* End PBXSourcesBuildPhase section */

/* Begin XCBuildConfiguration section */
		C0010003 /* Debug */ = {
			isa = XCBuildConfiguration;
			buildSettings = {
				ALWAYS_SEARCH_USER_PATHS = NO;
				ASSETCATALOG_COMPILER_GENERATE_SWIFT_ASSET_SYMBOL_EXTENSIONS = YES;
				CLANG_ANALYZER_LOCALIZABILITY_NONLOCALIZED = YES;
				CLANG_ANALYZER_NONNULL = YES;
				CLANG_ENABLE_MODULES = YES;
				CLANG_WARN_BLOCK_CAPTURE_AUTORELEASING = YES;
				CLANG_WARN_BOOL_CONVERSION = YES;
				CLANG_WARN_COMMA = YES;
				CLANG_WARN_CONSTANT_CONVERSION = YES;
				CLANG_WARN_DEPRECATED_OBJC_IMPLEMENTATIONS = YES;
				CLANG_WARN_EMPTY_BODY = YES;
				CLANG_WARN_ENUM_CONVERSION = YES;
				CLANG_WARN_INFINITE_RECURSION = YES;
				CLANG_WARN_INT_CONVERSION = YES;
				CLANG_WARN_NON_LITERAL_NULL_CONVERSION = YES;
				CLANG_WARN_OBJC_IMPLICIT_RETAIN_SELF = YES;
				CLANG_WARN_OBJC_LITERAL_CONVERSION = YES;
				CLANG_WARN_QUOTED_INCLUDE_IN_FRAMEWORK_HEADER = YES;
				CLANG_WARN_RANGE_LOOP_ANALYSIS = YES;
				CLANG_WARN_STRICT_PROTOTYPES = YES;
				CLANG_WARN_SUSPICIOUS_MOVE = YES;
				CLANG_WARN_UNREACHABLE_CODE = YES;
				CLANG_WARN__DUPLICATE_METHOD_MATCH = YES;
				CODE_SIGN_STYLE = Automatic;
				COPY_PHASE_STRIP = NO;
				DEAD_CODE_STRIPPING = YES;
				DEBUG_INFORMATION_FORMAT = dwarf;
				ENABLE_STRICT_OBJC_MSGSEND = YES;
				ENABLE_TESTABILITY = YES;
				ENABLE_USER_SCRIPT_SANDBOXING = YES;
				GCC_DYNAMIC_NO_PIC = NO;
				GCC_NO_COMMON_BLOCKS = YES;
				GCC_OPTIMIZATION_LEVEL = 0;
				GCC_PREPROCESSOR_DEFINITIONS = (
					"DEBUG=1",
					"$(inherited)",
				);
				GCC_WARN_64_TO_32_BIT_CONVERSION = YES;
				GCC_WARN_ABOUT_RETURN_TYPE = YES;
				GCC_WARN_UNDECLARED_SELECTOR = YES;
				GCC_WARN_UNINITIALIZED_AUTOS = YES;
				GCC_WARN_UNUSED_FUNCTION = YES;
				GCC_WARN_UNUSED_VARIABLE = YES;
				IPHONEOS_DEPLOYMENT_TARGET = 16.0;
				MTL_ENABLE_DEBUG_INFO = INCLUDE_SOURCE;
				MTL_FAST_MATH = YES;
				ONLY_ACTIVE_ARCH = YES;
				STRING_CATALOG_GENERATE_SYMBOLS = YES;
				SWIFT_ACTIVE_COMPILATION_CONDITIONS = "DEBUG $(inherited)";
				SWIFT_OPTIMIZATION_LEVEL = "-Onone";
			};
			name = Debug;
		};
		C0010004 /* Release */ = {
			isa = XCBuildConfiguration;
			buildSettings = {
				ALWAYS_SEARCH_USER_PATHS = NO;
				ASSETCATALOG_COMPILER_GENERATE_SWIFT_ASSET_SYMBOL_EXTENSIONS = YES;
				CLANG_ANALYZER_LOCALIZABILITY_NONLOCALIZED = YES;
				CLANG_ANALYZER_NONNULL = YES;
				CLANG_ENABLE_MODULES = YES;
				CLANG_WARN_BLOCK_CAPTURE_AUTORELEASING = YES;
				CLANG_WARN_BOOL_CONVERSION = YES;
				CLANG_WARN_COMMA = YES;
				CLANG_WARN_CONSTANT_CONVERSION = YES;
				CLANG_WARN_DEPRECATED_OBJC_IMPLEMENTATIONS = YES;
				CLANG_WARN_EMPTY_BODY = YES;
				CLANG_WARN_ENUM_CONVERSION = YES;
				CLANG_WARN_INFINITE_RECURSION = YES;
				CLANG_WARN_INT_CONVERSION = YES;
				CLANG_WARN_NON_LITERAL_NULL_CONVERSION = YES;
				CLANG_WARN_OBJC_IMPLICIT_RETAIN_SELF = YES;
				CLANG_WARN_OBJC_LITERAL_CONVERSION = YES;
				CLANG_WARN_QUOTED_INCLUDE_IN_FRAMEWORK_HEADER = YES;
				CLANG_WARN_RANGE_LOOP_ANALYSIS = YES;
				CLANG_WARN_STRICT_PROTOTYPES = YES;
				CLANG_WARN_SUSPICIOUS_MOVE = YES;
				CLANG_WARN_UNREACHABLE_CODE = YES;
				CLANG_WARN__DUPLICATE_METHOD_MATCH = YES;
				CODE_SIGN_STYLE = Automatic;
				COPY_PHASE_STRIP = NO;
				DEAD_CODE_STRIPPING = YES;
				DEBUG_INFORMATION_FORMAT = "dwarf-with-dsym";
				ENABLE_NS_ASSERTIONS = NO;
				ENABLE_STRICT_OBJC_MSGSEND = YES;
				ENABLE_USER_SCRIPT_SANDBOXING = YES;
				GCC_NO_COMMON_BLOCKS = YES;
				GCC_OPTIMIZATION_LEVEL = s;
				GCC_WARN_64_TO_32_BIT_CONVERSION = YES;
				GCC_WARN_ABOUT_RETURN_TYPE = YES;
				GCC_WARN_UNDECLARED_SELECTOR = YES;
				GCC_WARN_UNINITIALIZED_AUTOS = YES;
				GCC_WARN_UNUSED_FUNCTION = YES;
				GCC_WARN_UNUSED_VARIABLE = YES;
				IPHONEOS_DEPLOYMENT_TARGET = 16.0;
				MTL_ENABLE_DEBUG_INFO = NO;
				MTL_FAST_MATH = YES;
				STRING_CATALOG_GENERATE_SYMBOLS = YES;
				SWIFT_COMPILATION_MODE = wholemodule;
				VALIDATE_PRODUCT = YES;
			};
			name = Release;
		};
		C0010005 /* Debug */ = {
			isa = XCBuildConfiguration;
			buildSettings = {
				ASSETCATALOG_COMPILER_APPICON_NAME = AppIcon;
				ASSETCATALOG_COMPILER_GLOBAL_ACCENT_COLOR_NAME = AccentColor;
				CLANG_ENABLE_OBJC_WEAK = YES;
				CODE_SIGN_ENTITLEMENTS = heyho_ios/heyho_ios.entitlements;
				CODE_SIGN_STYLE = Automatic;
				CURRENT_PROJECT_VERSION = 1;
				DEAD_CODE_STRIPPING = YES;
				DEVELOPMENT_TEAM = "";
				GENERATE_INFOPLIST_FILE = NO;
				INFOPLIST_FILE = heyho_ios/Info.plist;
				INFOPLIST_KEY_CFBundleDisplayName = HeyHo;
				INFOPLIST_KEY_LSApplicationCategoryType = "public.app-category.social-networking";
				IPHONEOS_DEPLOYMENT_TARGET = 18.6;
				LD_RUNPATH_SEARCH_PATHS = (
					"$(inherited)",
					"@executable_path/Frameworks",
				);
				MARKETING_VERSION = 1.0;
				PRODUCT_BUNDLE_IDENTIFIER = com.demiflare168.HeyHo;
				PRODUCT_NAME = "$(TARGET_NAME)";
				SUPPORTED_PLATFORMS = "iphoneos iphonesimulator";
				SUPPORTS_MACCATALYST = NO;
				SWIFT_EMIT_LOC_STRINGS = YES;
				SWIFT_VERSION = 5.0;
				TARGETED_DEVICE_FAMILY = 1;
			};
			name = Debug;
		};
		C0010006 /* Release */ = {
			isa = XCBuildConfiguration;
			buildSettings = {
				ASSETCATALOG_COMPILER_APPICON_NAME = AppIcon;
				ASSETCATALOG_COMPILER_GLOBAL_ACCENT_COLOR_NAME = AccentColor;
				CLANG_ENABLE_OBJC_WEAK = YES;
				CODE_SIGN_ENTITLEMENTS = heyho_ios/heyho_ios.entitlements;
				CODE_SIGN_STYLE = Automatic;
				CURRENT_PROJECT_VERSION = 1;
				DEAD_CODE_STRIPPING = YES;
				DEVELOPMENT_TEAM = "";
				GENERATE_INFOPLIST_FILE = NO;
				INFOPLIST_FILE = heyho_ios/Info.plist;
				INFOPLIST_KEY_CFBundleDisplayName = HeyHo;
				INFOPLIST_KEY_LSApplicationCategoryType = "public.app-category.social-networking";
				IPHONEOS_DEPLOYMENT_TARGET = 18.6;
				LD_RUNPATH_SEARCH_PATHS = (
					"$(inherited)",
					"@executable_path/Frameworks",
				);
				MARKETING_VERSION = 1.0;
				PRODUCT_BUNDLE_IDENTIFIER = com.demiflare168.HeyHo;
				PRODUCT_NAME = "$(TARGET_NAME)";
				SUPPORTED_PLATFORMS = "iphoneos iphonesimulator";
				SUPPORTS_MACCATALYST = NO;
				SWIFT_EMIT_LOC_STRINGS = YES;
				SWIFT_VERSION = 5.0;
				TARGETED_DEVICE_FAMILY = 1;
			};
			name = Release;
		};
/* End XCBuildConfiguration section */

/* Begin XCConfigurationList section */
		C0010001 /* Build configuration list for PBXProject "heyho_ios" */ = {
			isa = XCConfigurationList;
			buildConfigurations = (
				C0010003 /* Debug */,
				C0010004 /* Release */,
			);
			defaultConfigurationIsVisible = 0;
			defaultConfigurationName = Release;
		};
		C0010002 /* Build configuration list for PBXNativeTarget "HeyHo" */ = {
			isa = XCConfigurationList;
			buildConfigurations = (
				C0010005 /* Debug */,
				C0010006 /* Release */,
			);
			defaultConfigurationIsVisible = 0;
			defaultConfigurationName = Release;
		};
/* End XCConfigurationList section */

/* Begin XCRemoteSwiftPackageReference section */
		R0010002 /* XCRemoteSwiftPackageReference "firebase-ios-sdk" */ = {
			isa = XCRemoteSwiftPackageReference;
			repositoryURL = "https://github.com/firebase/firebase-ios-sdk.git";
			requirement = {
				kind = upToNextMajorVersion;
				minimumVersion = 11.0.0;
			};
		};
/* End XCRemoteSwiftPackageReference section */

/* Begin XCSwiftPackageProductDependency section */
		77B29A582F42FBA700B18CFB /* FirebaseFirestore */ = {
			isa = XCSwiftPackageProductDependency;
			package = R0010002 /* XCRemoteSwiftPackageReference "firebase-ios-sdk" */;
			productName = FirebaseFirestore;
		};
		P0010001 /* FirebaseAuth */ = {
			isa = XCSwiftPackageProductDependency;
			package = R0010002 /* XCRemoteSwiftPackageReference "firebase-ios-sdk" */;
			productName = FirebaseAuth;
		};
		P0010003 /* FirebaseMessaging */ = {
			isa = XCSwiftPackageProductDependency;
			package = R0010002 /* XCRemoteSwiftPackageReference "firebase-ios-sdk" */;
			productName = FirebaseMessaging;
		};
/* End XCSwiftPackageProductDependency section */
	};
	rootObject = R0010001 /* Project object */;
}
